
Microsoft Visual Studio Solution File, Format Version 12.00
# Visual Studio Version 17
VisualStudioVersion = 17.0.32112.339
MinimumVisualStudioVersion = 10.0.40219.1
Project("{9A19103F-16F7-4668-BE54-9A1E7A4F7556}") = "Template-API", "Template-API\Template-API.csproj", "{A21A3757-5A58-4186-8555-EA86C22D0C0E}"
EndProject
Project("{2150E333-8FDC-42A3-9474-1A3956D46DE8}") = "1-Web", "1-Web", "{BF405B16-AEF8-44D6-9EE3-F44118698A48}"
EndProject
Project("{2150E333-8FDC-42A3-9474-1A3956D46DE8}") = "2-Application", "2-Application", "{9C51101C-07E1-4353-9730-ADCCF48CA773}"
EndProject
Project("{2150E333-8FDC-42A3-9474-1A3956D46DE8}") = "3-Domain", "3-Domain", "{13F3613B-E5E1-47EA-828D-2904BC43DA1A}"
EndProject
Project("{2150E333-8FDC-42A3-9474-1A3956D46DE8}") = "4-Infra", "4-Infra", "{AAD9F327-6842-4C1A-AE37-5BADF080D261}"
EndProject
Project("{FAE04EC0-301F-11D3-BF4B-00C04F79EFBC}") = "Template-API.Application", "Template-API.Application\Template-API.Application.csproj", "{A3B4C6F0-2E84-4636-833E-707FE6D9775D}"
EndProject
Project("{2150E333-8FDC-42A3-9474-1A3956D46DE8}") = "Interfaces", "Interfaces", "{F2F8941A-E02D-4671-AF59-03C3CAB1E495}"
EndProject
Project("{2150E333-8FDC-42A3-9474-1A3956D46DE8}") = "Services", "Services", "{0B0E5B1F-6E95-4DF0-AF01-9DB029286192}"
EndProject
Project("{2150E333-8FDC-42A3-9474-1A3956D46DE8}") = "ViewModels", "ViewModels", "{A9C91F03-C1CD-4205-BF61-99B7B5063D75}"
EndProject
Project("{FAE04EC0-301F-11D3-BF4B-00C04F79EFBC}") = "Template-API.Domain", "Template-API.Domain\Template-API.Domain.csproj", "{EBC584E7-2000-4689-A2E2-BB70E8472FA6}"
EndProject
Project("{2150E333-8FDC-42A3-9474-1A3956D46DE8}") = "4.1-Data", "4.1-Data", "{8B369F56-6E1D-4493-AA72-555C8D8C4051}"
EndProject
Project("{FAE04EC0-301F-11D3-BF4B-00C04F79EFBC}") = "Template-API.Data", "Template-API.Data\Template-API.Data.csproj", "{CD65E632-D6C2-4F1E-9487-BB8DB379DA34}"
EndProject
Global
	GlobalSection(SolutionConfigurationPlatforms) = preSolution
		Debug|Any CPU = Debug|Any CPU
		Release|Any CPU = Release|Any CPU
	EndGlobalSection
	GlobalSection(ProjectConfigurationPlatforms) = postSolution
		{A21A3757-5A58-4186-8555-EA86C22D0C0E}.Debug|Any CPU.ActiveCfg = Debug|Any CPU
		{A21A3757-5A58-4186-8555-EA86C22D0C0E}.Debug|Any CPU.Build.0 = Debug|Any CPU
		{A21A3757-5A58-4186-8555-EA86C22D0C0E}.Release|Any CPU.ActiveCfg = Release|Any CPU
		{A21A3757-5A58-4186-8555-EA86C22D0C0E}.Release|Any CPU.Build.0 = Release|Any CPU
		{A3B4C6F0-2E84-4636-833E-707FE6D9775D}.Debug|Any CPU.ActiveCfg = Debug|Any CPU
		{A3B4C6F0-2E84-4636-833E-707FE6D9775D}.Debug|Any CPU.Build.0 = Debug|Any CPU
		{A3B4C6F0-2E84-4636-833E-707FE6D9775D}.Release|Any CPU.ActiveCfg = Release|Any CPU
		{A3B4C6F0-2E84-4636-833E-707FE6D9775D}.Release|Any CPU.Build.0 = Release|Any CPU
		{EBC584E7-2000-4689-A2E2-BB70E8472FA6}.Debug|Any CPU.ActiveCfg = Debug|Any CPU
		{EBC584E7-2000-4689-A2E2-BB70E8472FA6}.Debug|Any CPU.Build.0 = Debug|Any CPU
		{EBC584E7-2000-4689-A2E2-BB70E8472FA6}.Release|Any CPU.ActiveCfg = Release|Any CPU
		{EBC584E7-2000-4689-A2E2-BB70E8472FA6}.Release|Any CPU.Build.0 = Release|Any CPU
		{CD65E632-D6C2-4F1E-9487-BB8DB379DA34}.Debug|Any CPU.ActiveCfg = Debug|Any CPU
		{CD65E632-D6C2-4F1E-9487-BB8DB379DA34}.Debug|Any CPU.Build.0 = Debug|Any CPU
		{CD65E632-D6C2-4F1E-9487-BB8DB379DA34}.Release|Any CPU.ActiveCfg = Release|Any CPU
		{CD65E632-D6C2-4F1E-9487-BB8DB379DA34}.Release|Any CPU.Build.0 = Release|Any CPU
	EndGlobalSection
	GlobalSection(SolutionProperties) = preSolution
		HideSolutionNode = FALSE
	EndGlobalSection
	GlobalSection(NestedProjects) = preSolution
		{A21A3757-5A58-4186-8555-EA86C22D0C0E} = {BF405B16-AEF8-44D6-9EE3-F44118698A48}
		{A3B4C6F0-2E84-4636-833E-707FE6D9775D} = {9C51101C-07E1-4353-9730-ADCCF48CA773}
		{F2F8941A-E02D-4671-AF59-03C3CAB1E495} = {9C51101C-07E1-4353-9730-ADCCF48CA773}
		{0B0E5B1F-6E95-4DF0-AF01-9DB029286192} = {9C51101C-07E1-4353-9730-ADCCF48CA773}
		{A9C91F03-C1CD-4205-BF61-99B7B5063D75} = {9C51101C-07E1-4353-9730-ADCCF48CA773}
		{EBC584E7-2000-4689-A2E2-BB70E8472FA6} = {13F3613B-E5E1-47EA-828D-2904BC43DA1A}
		{8B369F56-6E1D-4493-AA72-555C8D8C4051} = {AAD9F327-6842-4C1A-AE37-5BADF080D261}
		{CD65E632-D6C2-4F1E-9487-BB8DB379DA34} = {8B369F56-6E1D-4493-AA72-555C8D8C4051}
	EndGlobalSection
	GlobalSection(ExtensibilityGlobals) = postSolution
		SolutionGuid = {59CAC9A9-CA7B-4C3B-BB73-9574AA3AFE47}
	EndGlobalSection
EndGlobal
